// !$*UTF8*$!
{
	archiveVersion = 1;
	classes = {
	};
	objectVersion = 46;
	objects = {

/* Begin PBXBuildFile section */
		37310ED3176D0CC900E7E758 /* FlickrImageViewController.m in Sources */ = {isa = PBXBuildFile; fileRef = 37310ED1176D0CC900E7E758 /* FlickrImageViewController.m */; };
		37310ED4176D0CC900E7E758 /* FlickrImageViewController.xib in Resources */ = {isa = PBXBuildFile; fileRef = 37310ED2176D0CC900E7E758 /* FlickrImageViewController.xib */; };
		373126C4176D5F2500BA5D17 /* FlickrWebRequest.m in Sources */ = {isa = PBXBuildFile; fileRef = 373126C3176D5F2500BA5D17 /* FlickrWebRequest.m */; };
		373126DA176D5FB200BA5D17 /* ASIAuthenticationDialog.m in Sources */ = {isa = PBXBuildFile; fileRef = 373126C7176D5FB200BA5D17 /* ASIAuthenticationDialog.m */; settings = {COMPILER_FLAGS = "-fno-objc-arc"; }; };
		373126DB176D5FB200BA5D17 /* ASIDataCompressor.m in Sources */ = {isa = PBXBuildFile; fileRef = 373126CA176D5FB200BA5D17 /* ASIDataCompressor.m */; settings = {COMPILER_FLAGS = "-fno-objc-arc"; }; };
		373126DC176D5FB200BA5D17 /* ASIDataDecompressor.m in Sources */ = {isa = PBXBuildFile; fileRef = 373126CC176D5FB200BA5D17 /* ASIDataDecompressor.m */; settings = {COMPILER_FLAGS = "-fno-objc-arc"; }; };
		373126DD176D5FB200BA5D17 /* ASIDownloadCache.m in Sources */ = {isa = PBXBuildFile; fileRef = 373126CE176D5FB200BA5D17 /* ASIDownloadCache.m */; settings = {COMPILER_FLAGS = "-fno-objc-arc"; }; };
		373126DE176D5FB200BA5D17 /* ASIFormDataRequest.m in Sources */ = {isa = PBXBuildFile; fileRef = 373126D0176D5FB200BA5D17 /* ASIFormDataRequest.m */; settings = {COMPILER_FLAGS = "-fno-objc-arc"; }; };
		373126DF176D5FB200BA5D17 /* ASIHTTPRequest.m in Sources */ = {isa = PBXBuildFile; fileRef = 373126D2176D5FB200BA5D17 /* ASIHTTPRequest.m */; settings = {COMPILER_FLAGS = "-fno-objc-arc"; }; };
		373126E0176D5FB200BA5D17 /* ASIInputStream.m in Sources */ = {isa = PBXBuildFile; fileRef = 373126D6176D5FB200BA5D17 /* ASIInputStream.m */; settings = {COMPILER_FLAGS = "-fno-objc-arc"; }; };
		373126E1176D5FB200BA5D17 /* ASINetworkQueue.m in Sources */ = {isa = PBXBuildFile; fileRef = 373126D8176D5FB200BA5D17 /* ASINetworkQueue.m */; settings = {COMPILER_FLAGS = "-fno-objc-arc"; }; };
		373126E9176D62B100BA5D17 /* JSONKit.m in Sources */ = {isa = PBXBuildFile; fileRef = 373126E4176D62B100BA5D17 /* JSONKit.m */; settings = {COMPILER_FLAGS = "-fno-objc-arc"; }; };
		373126EA176D62B100BA5D17 /* README.md in Resources */ = {isa = PBXBuildFile; fileRef = 373126E5176D62B100BA5D17 /* README.md */; };
		373126EB176D62B100BA5D17 /* Reachability.m in Sources */ = {isa = PBXBuildFile; fileRef = 373126E8176D62B100BA5D17 /* Reachability.m */; settings = {COMPILER_FLAGS = "-fno-objc-arc"; }; };
		373126ED176D63A100BA5D17 /* MobileCoreServices.framework in Frameworks */ = {isa = PBXBuildFile; fileRef = 373126EC176D63A100BA5D17 /* MobileCoreServices.framework */; };
		373126F1176D63FF00BA5D17 /* CFNetwork.framework in Frameworks */ = {isa = PBXBuildFile; fileRef = 373126F0176D63FF00BA5D17 /* CFNetwork.framework */; };
		373126F3176D640E00BA5D17 /* SystemConfiguration.framework in Frameworks */ = {isa = PBXBuildFile; fileRef = 373126F2176D640E00BA5D17 /* SystemConfiguration.framework */; };
		373126F7176D647900BA5D17 /* libz.dylib in Frameworks */ = {isa = PBXBuildFile; fileRef = 373126F6176D647900BA5D17 /* libz.dylib */; };
		373126FB176D65B800BA5D17 /* NSObject+JSON.m in Sources */ = {isa = PBXBuildFile; fileRef = 373126FA176D65B800BA5D17 /* NSObject+JSON.m */; };
		37716F34176C428A001DC686 /* UIKit.framework in Frameworks */ = {isa = PBXBuildFile; fileRef = 37716F33176C428A001DC686 /* UIKit.framework */; };
		37716F36176C428A001DC686 /* Foundation.framework in Frameworks */ = {isa = PBXBuildFile; fileRef = 37716F35176C428A001DC686 /* Foundation.framework */; };
		37716F38176C428A001DC686 /* CoreGraphics.framework in Frameworks */ = {isa = PBXBuildFile; fileRef = 37716F37176C428A001DC686 /* CoreGraphics.framework */; };
		37716F3E176C428A001DC686 /* InfoPlist.strings in Resources */ = {isa = PBXBuildFile; fileRef = 37716F3C176C428A001DC686 /* InfoPlist.strings */; };
		37716F40176C428A001DC686 /* main.m in Sources */ = {isa = PBXBuildFile; fileRef = 37716F3F176C428A001DC686 /* main.m */; };
		37716F44176C428A001DC686 /* FlickrAppDelegate.m in Sources */ = {isa = PBXBuildFile; fileRef = 37716F43176C428A001DC686 /* FlickrAppDelegate.m */; };
		37716F46176C428A001DC686 /* Default.png in Resources */ = {isa = PBXBuildFile; fileRef = 37716F45176C428A001DC686 /* Default.png */; };
		37716F48176C428A001DC686 /* Default@2x.png in Resources */ = {isa = PBXBuildFile; fileRef = 37716F47176C428A001DC686 /* Default@2x.png */; };
		37716F4A176C428A001DC686 /* Default-568h@2x.png in Resources */ = {isa = PBXBuildFile; fileRef = 37716F49176C428A001DC686 /* Default-568h@2x.png */; };
		37716F4D176C428A001DC686 /* MainStoryboard.storyboard in Resources */ = {isa = PBXBuildFile; fileRef = 37716F4B176C428A001DC686 /* MainStoryboard.storyboard */; };
		37716F58176C42E4001DC686 /* FlickrImagePageController.m in Sources */ = {isa = PBXBuildFile; fileRef = 37716F57176C42E4001DC686 /* FlickrImagePageController.m */; };
		37716F5B176C49CC001DC686 /* FlickrHeaderView.m in Sources */ = {isa = PBXBuildFile; fileRef = 37716F5A176C49CC001DC686 /* FlickrHeaderView.m */; };
		37716F5E176CB674001DC686 /* FlickrCollectionViewController.m in Sources */ = {isa = PBXBuildFile; fileRef = 37716F5D176CB674001DC686 /* FlickrCollectionViewController.m */; };
		37716F61176CB845001DC686 /* FlickrViewCell.m in Sources */ = {isa = PBXBuildFile; fileRef = 37716F60176CB845001DC686 /* FlickrViewCell.m */; };
		37716F78176CBE55001DC686 /* angry_birds_cake.jpg in Resources */ = {isa = PBXBuildFile; fileRef = 37716F63176CBE55001DC686 /* angry_birds_cake.jpg */; };
		37716F79176CBE55001DC686 /* creme_brelee.jpg in Resources */ = {isa = PBXBuildFile; fileRef = 37716F64176CBE55001DC686 /* creme_brelee.jpg */; };
		37716F7A176CBE55001DC686 /* egg_benedict.jpg in Resources */ = {isa = PBXBuildFile; fileRef = 37716F65176CBE55001DC686 /* egg_benedict.jpg */; };
		37716F7B176CBE55001DC686 /* footer_banner.png in Resources */ = {isa = PBXBuildFile; fileRef = 37716F66176CBE55001DC686 /* footer_banner.png */; };
		37716F7C176CBE55001DC686 /* full_breakfast.jpg in Resources */ = {isa = PBXBuildFile; fileRef = 37716F67176CBE55001DC686 /* full_breakfast.jpg */; };
		37716F7D176CBE55001DC686 /* green_tea.jpg in Resources */ = {isa = PBXBuildFile; fileRef = 37716F68176CBE55001DC686 /* green_tea.jpg */; };
		37716F7E176CBE55001DC686 /* ham_and_cheese_panini.jpg in Resources */ = {isa = PBXBuildFile; fileRef = 37716F69176CBE55001DC686 /* ham_and_cheese_panini.jpg */; };
		37716F7F176CBE55001DC686 /* ham_and_egg_sandwich.jpg in Resources */ = {isa = PBXBuildFile; fileRef = 37716F6A176CBE55001DC686 /* ham_and_egg_sandwich.jpg */; };
		37716F80176CBE55001DC686 /* hamburger.jpg in Resources */ = {isa = PBXBuildFile; fileRef = 37716F6B176CBE55001DC686 /* hamburger.jpg */; };
		37716F81176CBE55001DC686 /* header_banner.png in Resources */ = {isa = PBXBuildFile; fileRef = 37716F6C176CBE55001DC686 /* header_banner.png */; };
		37716F82176CBE55001DC686 /* instant_noodle_with_egg.jpg in Resources */ = {isa = PBXBuildFile; fileRef = 37716F6D176CBE55001DC686 /* instant_noodle_with_egg.jpg */; };
		37716F83176CBE55001DC686 /* japanese_noodle_with_pork.jpg in Resources */ = {isa = PBXBuildFile; fileRef = 37716F6E176CBE55001DC686 /* japanese_noodle_with_pork.jpg */; };
		37716F84176CBE55001DC686 /* mushroom_risotto.jpg in Resources */ = {isa = PBXBuildFile; fileRef = 37716F6F176CBE55001DC686 /* mushroom_risotto.jpg */; };
		37716F85176CBE55001DC686 /* noodle_with_bbq_pork.jpg in Resources */ = {isa = PBXBuildFile; fileRef = 37716F70176CBE55001DC686 /* noodle_with_bbq_pork.jpg */; };
		37716F86176CBE55001DC686 /* photo-frame-2.png in Resources */ = {isa = PBXBuildFile; fileRef = 37716F71176CBE55001DC686 /* photo-frame-2.png */; };
		37716F87176CBE55001DC686 /* photo-frame.png in Resources */ = {isa = PBXBuildFile; fileRef = 37716F72176CBE55001DC686 /* photo-frame.png */; };
		37716F88176CBE55001DC686 /* pic_frame.png in Resources */ = {isa = PBXBuildFile; fileRef = 37716F73176CBE55001DC686 /* pic_frame.png */; };
		37716F89176CBE55001DC686 /* starbucks_coffee.jpg in Resources */ = {isa = PBXBuildFile; fileRef = 37716F74176CBE55001DC686 /* starbucks_coffee.jpg */; };
		37716F8A176CBE55001DC686 /* thai_shrimp_cake.jpg in Resources */ = {isa = PBXBuildFile; fileRef = 37716F75176CBE55001DC686 /* thai_shrimp_cake.jpg */; };
		37716F8B176CBE55001DC686 /* vegetable_curry.jpg in Resources */ = {isa = PBXBuildFile; fileRef = 37716F76176CBE55001DC686 /* vegetable_curry.jpg */; };
		37716F8C176CBE55001DC686 /* white_chocolate_donut.jpg in Resources */ = {isa = PBXBuildFile; fileRef = 37716F77176CBE55001DC686 /* white_chocolate_donut.jpg */; };
/* End PBXBuildFile section */

/* Begin PBXFileReference section */
		37310ED0176D0CC900E7E758 /* FlickrImageViewController.h */ = {isa = PBXFileReference; fileEncoding = 4; lastKnownFileType = sourcecode.c.h; path = FlickrImageViewController.h; sourceTree = "<group>"; };
		37310ED1176D0CC900E7E758 /* FlickrImageViewController.m */ = {isa = PBXFileReference; fileEncoding = 4; lastKnownFileType = sourcecode.c.objc; path = FlickrImageViewController.m; sourceTree = "<group>"; };
		37310ED2176D0CC900E7E758 /* FlickrImageViewController.xib */ = {isa = PBXFileReference; fileEncoding = 4; lastKnownFileType = file.xib; path = FlickrImageViewController.xib; sourceTree = "<group>"; };
		373126C2176D5F2500BA5D17 /* FlickrWebRequest.h */ = {isa = PBXFileReference; fileEncoding = 4; lastKnownFileType = sourcecode.c.h; path = FlickrWebRequest.h; sourceTree = "<group>"; };
		373126C3176D5F2500BA5D17 /* FlickrWebRequest.m */ = {isa = PBXFileReference; fileEncoding = 4; lastKnownFileType = sourcecode.c.objc; path = FlickrWebRequest.m; sourceTree = "<group>"; };
		373126C6176D5FB200BA5D17 /* ASIAuthenticationDialog.h */ = {isa = PBXFileReference; fileEncoding = 4; lastKnownFileType = sourcecode.c.h; path = ASIAuthenticationDialog.h; sourceTree = "<group>"; };
		373126C7176D5FB200BA5D17 /* ASIAuthenticationDialog.m */ = {isa = PBXFileReference; fileEncoding = 4; lastKnownFileType = sourcecode.c.objc; path = ASIAuthenticationDialog.m; sourceTree = "<group>"; };
		373126C8176D5FB200BA5D17 /* ASICacheDelegate.h */ = {isa = PBXFileReference; fileEncoding = 4; lastKnownFileType = sourcecode.c.h; path = ASICacheDelegate.h; sourceTree = "<group>"; };
		373126C9176D5FB200BA5D17 /* ASIDataCompressor.h */ = {isa = PBXFileReference; fileEncoding = 4; lastKnownFileType = sourcecode.c.h; path = ASIDataCompressor.h; sourceTree = "<group>"; };
		373126CA176D5FB200BA5D17 /* ASIDataCompressor.m */ = {isa = PBXFileReference; fileEncoding = 4; lastKnownFileType = sourcecode.c.objc; path = ASIDataCompressor.m; sourceTree = "<group>"; };
		373126CB176D5FB200BA5D17 /* ASIDataDecompressor.h */ = {isa = PBXFileReference; fileEncoding = 4; lastKnownFileType = sourcecode.c.h; path = ASIDataDecompressor.h; sourceTree = "<group>"; };
		373126CC176D5FB200BA5D17 /* ASIDataDecompressor.m */ = {isa = PBXFileReference; fileEncoding = 4; lastKnownFileType = sourcecode.c.objc; path = ASIDataDecompressor.m; sourceTree = "<group>"; };
		373126CD176D5FB200BA5D17 /* ASIDownloadCache.h */ = {isa = PBXFileReference; fileEncoding = 4; lastKnownFileType = sourcecode.c.h; path = ASIDownloadCache.h; sourceTree = "<group>"; };
		373126CE176D5FB200BA5D17 /* ASIDownloadCache.m */ = {isa = PBXFileReference; fileEncoding = 4; lastKnownFileType = sourcecode.c.objc; path = ASIDownloadCache.m; sourceTree = "<group>"; };
		373126CF176D5FB200BA5D17 /* ASIFormDataRequest.h */ = {isa = PBXFileReference; fileEncoding = 4; lastKnownFileType = sourcecode.c.h; path = ASIFormDataRequest.h; sourceTree = "<group>"; };
		373126D0176D5FB200BA5D17 /* ASIFormDataRequest.m */ = {isa = PBXFileReference; fileEncoding = 4; lastKnownFileType = sourcecode.c.objc; path = ASIFormDataRequest.m; sourceTree = "<group>"; };
		373126D1176D5FB200BA5D17 /* ASIHTTPRequest.h */ = {isa = PBXFileReference; fileEncoding = 4; lastKnownFileType = sourcecode.c.h; path = ASIHTTPRequest.h; sourceTree = "<group>"; };
		373126D2176D5FB200BA5D17 /* ASIHTTPRequest.m */ = {isa = PBXFileReference; fileEncoding = 4; lastKnownFileType = sourcecode.c.objc; path = ASIHTTPRequest.m; sourceTree = "<group>"; };
		373126D3176D5FB200BA5D17 /* ASIHTTPRequestConfig.h */ = {isa = PBXFileReference; fileEncoding = 4; lastKnownFileType = sourcecode.c.h; path = ASIHTTPRequestConfig.h; sourceTree = "<group>"; };
		373126D4176D5FB200BA5D17 /* ASIHTTPRequestDelegate.h */ = {isa = PBXFileReference; fileEncoding = 4; lastKnownFileType = sourcecode.c.h; path = ASIHTTPRequestDelegate.h; sourceTree = "<group>"; };
		373126D5176D5FB200BA5D17 /* ASIInputStream.h */ = {isa = PBXFileReference; fileEncoding = 4; lastKnownFileType = sourcecode.c.h; path = ASIInputStream.h; sourceTree = "<group>"; };
		373126D6176D5FB200BA5D17 /* ASIInputStream.m */ = {isa = PBXFileReference; fileEncoding = 4; lastKnownFileType = sourcecode.c.objc; path = ASIInputStream.m; sourceTree = "<group>"; };
		373126D7176D5FB200BA5D17 /* ASINetworkQueue.h */ = {isa = PBXFileReference; fileEncoding = 4; lastKnownFileType = sourcecode.c.h; path = ASINetworkQueue.h; sourceTree = "<group>"; };
		373126D8176D5FB200BA5D17 /* ASINetworkQueue.m */ = {isa = PBXFileReference; fileEncoding = 4; lastKnownFileType = sourcecode.c.objc; path = ASINetworkQueue.m; sourceTree = "<group>"; };
		373126D9176D5FB200BA5D17 /* ASIProgressDelegate.h */ = {isa = PBXFileReference; fileEncoding = 4; lastKnownFileType = sourcecode.c.h; path = ASIProgressDelegate.h; sourceTree = "<group>"; };
		373126E3176D62B100BA5D17 /* JSONKit.h */ = {isa = PBXFileReference; fileEncoding = 4; lastKnownFileType = sourcecode.c.h; path = JSONKit.h; sourceTree = "<group>"; };
		373126E4176D62B100BA5D17 /* JSONKit.m */ = {isa = PBXFileReference; fileEncoding = 4; lastKnownFileType = sourcecode.c.objc; path = JSONKit.m; sourceTree = "<group>"; };
		373126E5176D62B100BA5D17 /* README.md */ = {isa = PBXFileReference; fileEncoding = 4; lastKnownFileType = text; path = README.md; sourceTree = "<group>"; };
		373126E7176D62B100BA5D17 /* Reachability.h */ = {isa = PBXFileReference; fileEncoding = 4; lastKnownFileType = sourcecode.c.h; path = Reachability.h; sourceTree = "<group>"; };
		373126E8176D62B100BA5D17 /* Reachability.m */ = {isa = PBXFileReference; fileEncoding = 4; lastKnownFileType = sourcecode.c.objc; path = Reachability.m; sourceTree = "<group>"; };
		373126EC176D63A100BA5D17 /* MobileCoreServices.framework */ = {isa = PBXFileReference; lastKnownFileType = wrapper.framework; name = MobileCoreServices.framework; path = System/Library/Frameworks/MobileCoreServices.framework; sourceTree = SDKROOT; };
		373126EE176D63B400BA5D17 /* libiconv.dylib */ = {isa = PBXFileReference; lastKnownFileType = "compiled.mach-o.dylib"; name = libiconv.dylib; path = usr/lib/libiconv.dylib; sourceTree = SDKROOT; };
		373126F0176D63FF00BA5D17 /* CFNetwork.framework */ = {isa = PBXFileReference; lastKnownFileType = wrapper.framework; name = CFNetwork.framework; path = System/Library/Frameworks/CFNetwork.framework; sourceTree = SDKROOT; };
		373126F2176D640E00BA5D17 /* SystemConfiguration.framework */ = {isa = PBXFileReference; lastKnownFileType = wrapper.framework; name = SystemConfiguration.framework; path = System/Library/Frameworks/SystemConfiguration.framework; sourceTree = SDKROOT; };
		373126F4176D642600BA5D17 /* libxml2.dylib */ = {isa = PBXFileReference; lastKnownFileType = "compiled.mach-o.dylib"; name = libxml2.dylib; path = usr/lib/libxml2.dylib; sourceTree = SDKROOT; };
		373126F6176D647900BA5D17 /* libz.dylib */ = {isa = PBXFileReference; lastKnownFileType = "compiled.mach-o.dylib"; name = libz.dylib; path = usr/lib/libz.dylib; sourceTree = SDKROOT; };
		373126F9176D65B800BA5D17 /* NSObject+JSON.h */ = {isa = PBXFileReference; fileEncoding = 4; lastKnownFileType = sourcecode.c.h; path = "NSObject+JSON.h"; sourceTree = "<group>"; };
		373126FA176D65B800BA5D17 /* NSObject+JSON.m */ = {isa = PBXFileReference; fileEncoding = 4; lastKnownFileType = sourcecode.c.objc; path = "NSObject+JSON.m"; sourceTree = "<group>"; };
		37716F30176C428A001DC686 /* FlickrApp.app */ = {isa = PBXFileReference; explicitFileType = wrapper.application; includeInIndex = 0; path = FlickrApp.app; sourceTree = BUILT_PRODUCTS_DIR; };
		37716F33176C428A001DC686 /* UIKit.framework */ = {isa = PBXFileReference; lastKnownFileType = wrapper.framework; name = UIKit.framework; path = System/Library/Frameworks/UIKit.framework; sourceTree = SDKROOT; };
		37716F35176C428A001DC686 /* Foundation.framework */ = {isa = PBXFileReference; lastKnownFileType = wrapper.framework; name = Foundation.framework; path = System/Library/Frameworks/Foundation.framework; sourceTree = SDKROOT; };
		37716F37176C428A001DC686 /* CoreGraphics.framework */ = {isa = PBXFileReference; lastKnownFileType = wrapper.framework; name = CoreGraphics.framework; path = System/Library/Frameworks/CoreGraphics.framework; sourceTree = SDKROOT; };
		37716F3B176C428A001DC686 /* FlickrApp-Info.plist */ = {isa = PBXFileReference; lastKnownFileType = text.plist.xml; path = "FlickrApp-Info.plist"; sourceTree = "<group>"; };
		37716F3D176C428A001DC686 /* en */ = {isa = PBXFileReference; lastKnownFileType = text.plist.strings; name = en; path = en.lproj/InfoPlist.strings; sourceTree = "<group>"; };
		37716F3F176C428A001DC686 /* main.m */ = {isa = PBXFileReference; lastKnownFileType = sourcecode.c.objc; path = main.m; sourceTree = "<group>"; };
		37716F41176C428A001DC686 /* FlickrApp-Prefix.pch */ = {isa = PBXFileReference; lastKnownFileType = sourcecode.c.h; path = "FlickrApp-Prefix.pch"; sourceTree = "<group>"; };
		37716F42176C428A001DC686 /* FlickrAppDelegate.h */ = {isa = PBXFileReference; lastKnownFileType = sourcecode.c.h; path = FlickrAppDelegate.h; sourceTree = "<group>"; };
		37716F43176C428A001DC686 /* FlickrAppDelegate.m */ = {isa = PBXFileReference; lastKnownFileType = sourcecode.c.objc; path = FlickrAppDelegate.m; sourceTree = "<group>"; };
		37716F45176C428A001DC686 /* Default.png */ = {isa = PBXFileReference; lastKnownFileType = image.png; path = Default.png; sourceTree = "<group>"; };
		37716F47176C428A001DC686 /* Default@2x.png */ = {isa = PBXFileReference; lastKnownFileType = image.png; path = "Default@2x.png"; sourceTree = "<group>"; };
		37716F49176C428A001DC686 /* Default-568h@2x.png */ = {isa = PBXFileReference; lastKnownFileType = image.png; path = "Default-568h@2x.png"; sourceTree = "<group>"; };
		37716F4C176C428A001DC686 /* en */ = {isa = PBXFileReference; lastKnownFileType = file.storyboard; name = en; path = en.lproj/MainStoryboard.storyboard; sourceTree = "<group>"; };
		37716F56176C42E4001DC686 /* FlickrImagePageController.h */ = {isa = PBXFileReference; fileEncoding = 4; lastKnownFileType = sourcecode.c.h; path = FlickrImagePageController.h; sourceTree = "<group>"; };
		37716F57176C42E4001DC686 /* FlickrImagePageController.m */ = {isa = PBXFileReference; fileEncoding = 4; lastKnownFileType = sourcecode.c.objc; path = FlickrImagePageController.m; sourceTree = "<group>"; };
		37716F59176C49CC001DC686 /* FlickrHeaderView.h */ = {isa = PBXFileReference; fileEncoding = 4; lastKnownFileType = sourcecode.c.h; path = FlickrHeaderView.h; sourceTree = "<group>"; };
		37716F5A176C49CC001DC686 /* FlickrHeaderView.m */ = {isa = PBXFileReference; fileEncoding = 4; lastKnownFileType = sourcecode.c.objc; path = FlickrHeaderView.m; sourceTree = "<group>"; };
		37716F5C176CB674001DC686 /* FlickrCollectionViewController.h */ = {isa = PBXFileReference; fileEncoding = 4; lastKnownFileType = sourcecode.c.h; path = FlickrCollectionViewController.h; sourceTree = "<group>"; };
		37716F5D176CB674001DC686 /* FlickrCollectionViewController.m */ = {isa = PBXFileReference; fileEncoding = 4; lastKnownFileType = sourcecode.c.objc; path = FlickrCollectionViewController.m; sourceTree = "<group>"; };
		37716F5F176CB845001DC686 /* FlickrViewCell.h */ = {isa = PBXFileReference; fileEncoding = 4; lastKnownFileType = sourcecode.c.h; path = FlickrViewCell.h; sourceTree = "<group>"; };
		37716F60176CB845001DC686 /* FlickrViewCell.m */ = {isa = PBXFileReference; fileEncoding = 4; lastKnownFileType = sourcecode.c.objc; path = FlickrViewCell.m; sourceTree = "<group>"; };
		37716F63176CBE55001DC686 /* angry_birds_cake.jpg */ = {isa = PBXFileReference; lastKnownFileType = image.jpeg; path = angry_birds_cake.jpg; sourceTree = "<group>"; };
		37716F64176CBE55001DC686 /* creme_brelee.jpg */ = {isa = PBXFileReference; lastKnownFileType = image.jpeg; path = creme_brelee.jpg; sourceTree = "<group>"; };
		37716F65176CBE55001DC686 /* egg_benedict.jpg */ = {isa = PBXFileReference; lastKnownFileType = image.jpeg; path = egg_benedict.jpg; sourceTree = "<group>"; };
		37716F66176CBE55001DC686 /* footer_banner.png */ = {isa = PBXFileReference; lastKnownFileType = image.png; path = footer_banner.png; sourceTree = "<group>"; };
		37716F67176CBE55001DC686 /* full_breakfast.jpg */ = {isa = PBXFileReference; lastKnownFileType = image.jpeg; path = full_breakfast.jpg; sourceTree = "<group>"; };
		37716F68176CBE55001DC686 /* green_tea.jpg */ = {isa = PBXFileReference; lastKnownFileType = image.jpeg; path = green_tea.jpg; sourceTree = "<group>"; };
		37716F69176CBE55001DC686 /* ham_and_cheese_panini.jpg */ = {isa = PBXFileReference; lastKnownFileType = image.jpeg; path = ham_and_cheese_panini.jpg; sourceTree = "<group>"; };
		37716F6A176CBE55001DC686 /* ham_and_egg_sandwich.jpg */ = {isa = PBXFileReference; lastKnownFileType = image.jpeg; path = ham_and_egg_sandwich.jpg; sourceTree = "<group>"; };
		37716F6B176CBE55001DC686 /* hamburger.jpg */ = {isa = PBXFileReference; lastKnownFileType = image.jpeg; path = hamburger.jpg; sourceTree = "<group>"; };
		37716F6C176CBE55001DC686 /* header_banner.png */ = {isa = PBXFileReference; lastKnownFileType = image.png; path = header_banner.png; sourceTree = "<group>"; };
		37716F6D176CBE55001DC686 /* instant_noodle_with_egg.jpg */ = {isa = PBXFileReference; lastKnownFileType = image.jpeg; path = instant_noodle_with_egg.jpg; sourceTree = "<group>"; };
		37716F6E176CBE55001DC686 /* japanese_noodle_with_pork.jpg */ = {isa = PBXFileReference; lastKnownFileType = image.jpeg; path = japanese_noodle_with_pork.jpg; sourceTree = "<group>"; };
		37716F6F176CBE55001DC686 /* mushroom_risotto.jpg */ = {isa = PBXFileReference; lastKnownFileType = image.jpeg; path = mushroom_risotto.jpg; sourceTree = "<group>"; };
		37716F70176CBE55001DC686 /* noodle_with_bbq_pork.jpg */ = {isa = PBXFileReference; lastKnownFileType = image.jpeg; path = noodle_with_bbq_pork.jpg; sourceTree = "<group>"; };
		37716F71176CBE55001DC686 /* photo-frame-2.png */ = {isa = PBXFileReference; lastKnownFileType = image.png; path = "photo-frame-2.png"; sourceTree = "<group>"; };
		37716F72176CBE55001DC686 /* photo-frame.png */ = {isa = PBXFileReference; lastKnownFileType = image.png; path = "photo-frame.png"; sourceTree = "<group>"; };
		37716F73176CBE55001DC686 /* pic_frame.png */ = {isa = PBXFileReference; lastKnownFileType = image.png; path = pic_frame.png; sourceTree = "<group>"; };
		37716F74176CBE55001DC686 /* starbucks_coffee.jpg */ = {isa = PBXFileReference; lastKnownFileType = image.jpeg; path = starbucks_coffee.jpg; sourceTree = "<group>"; };
		37716F75176CBE55001DC686 /* thai_shrimp_cake.jpg */ = {isa = PBXFileReference; lastKnownFileType = image.jpeg; path = thai_shrimp_cake.jpg; sourceTree = "<group>"; };
		37716F76176CBE55001DC686 /* vegetable_curry.jpg */ = {isa = PBXFileReference; lastKnownFileType = image.jpeg; path = vegetable_curry.jpg; sourceTree = "<group>"; };
		37716F77176CBE55001DC686 /* white_chocolate_donut.jpg */ = {isa = PBXFileReference; lastKnownFileType = image.jpeg; path = white_chocolate_donut.jpg; sourceTree = "<group>"; };
/* End PBXFileReference section */

/* Begin PBXFrameworksBuildPhase section */
		37716F2D176C428A001DC686 /* Frameworks */ = {
			isa = PBXFrameworksBuildPhase;
			buildActionMask = 2147483647;
			files = (
				373126F7176D647900BA5D17 /* libz.dylib in Frameworks */,
				373126F3176D640E00BA5D17 /* SystemConfiguration.framework in Frameworks */,
				373126F1176D63FF00BA5D17 /* CFNetwork.framework in Frameworks */,
				373126ED176D63A100BA5D17 /* MobileCoreServices.framework in Frameworks */,
				37716F34176C428A001DC686 /* UIKit.framework in Frameworks */,
				37716F36176C428A001DC686 /* Foundation.framework in Frameworks */,
				37716F38176C428A001DC686 /* CoreGraphics.framework in Frameworks */,
			);
			runOnlyForDeploymentPostprocessing = 0;
		};
/* End PBXFrameworksBuildPhase section */

/* Begin PBXGroup section */
		373126C5176D5FB200BA5D17 /* ASIHTTP */ = {
			isa = PBXGroup;
			children = (
				373126C6176D5FB200BA5D17 /* ASIAuthenticationDialog.h */,
				373126C7176D5FB200BA5D17 /* ASIAuthenticationDialog.m */,
				373126C8176D5FB200BA5D17 /* ASICacheDelegate.h */,
				373126C9176D5FB200BA5D17 /* ASIDataCompressor.h */,
				373126CA176D5FB200BA5D17 /* ASIDataCompressor.m */,
				373126CB176D5FB200BA5D17 /* ASIDataDecompressor.h */,
				373126CC176D5FB200BA5D17 /* ASIDataDecompressor.m */,
				373126CD176D5FB200BA5D17 /* ASIDownloadCache.h */,
				373126CE176D5FB200BA5D17 /* ASIDownloadCache.m */,
				373126CF176D5FB200BA5D17 /* ASIFormDataRequest.h */,
				373126D0176D5FB200BA5D17 /* ASIFormDataRequest.m */,
				373126D1176D5FB200BA5D17 /* ASIHTTPRequest.h */,
				373126D2176D5FB200BA5D17 /* ASIHTTPRequest.m */,
				373126D3176D5FB200BA5D17 /* ASIHTTPRequestConfig.h */,
				373126D4176D5FB200BA5D17 /* ASIHTTPRequestDelegate.h */,
				373126D5176D5FB200BA5D17 /* ASIInputStream.h */,
				373126D6176D5FB200BA5D17 /* ASIInputStream.m */,
				373126D7176D5FB200BA5D17 /* ASINetworkQueue.h */,
				373126D8176D5FB200BA5D17 /* ASINetworkQueue.m */,
				373126D9176D5FB200BA5D17 /* ASIProgressDelegate.h */,
			);
			name = ASIHTTP;
			path = FlickrApp/ASIHTTP;
			sourceTree = "<group>";
		};
		373126E2176D62B100BA5D17 /* JSONKit */ = {
			isa = PBXGroup;
			children = (
				373126E3176D62B100BA5D17 /* JSONKit.h */,
				373126E4176D62B100BA5D17 /* JSONKit.m */,
				373126E5176D62B100BA5D17 /* README.md */,
			);
			name = JSONKit;
			path = FlickrApp/JSONKit;
			sourceTree = "<group>";
		};
		373126E6176D62B100BA5D17 /* Reachability */ = {
			isa = PBXGroup;
			children = (
				373126E7176D62B100BA5D17 /* Reachability.h */,
				373126E8176D62B100BA5D17 /* Reachability.m */,
			);
			name = Reachability;
			path = FlickrApp/Reachability;
			sourceTree = "<group>";
		};
		373126F8176D65B800BA5D17 /* Categories */ = {
			isa = PBXGroup;
			children = (
				373126F9176D65B800BA5D17 /* NSObject+JSON.h */,
				373126FA176D65B800BA5D17 /* NSObject+JSON.m */,
			);
			name = Categories;
			path = FlickrApp/Categories;
			sourceTree = "<group>";
		};
		37716F27176C428A001DC686 = {
			isa = PBXGroup;
			children = (
				373126F8176D65B800BA5D17 /* Categories */,
				373126F6176D647900BA5D17 /* libz.dylib */,
				373126F4176D642600BA5D17 /* libxml2.dylib */,
				373126F2176D640E00BA5D17 /* SystemConfiguration.framework */,
				373126F0176D63FF00BA5D17 /* CFNetwork.framework */,
				373126EE176D63B400BA5D17 /* libiconv.dylib */,
				373126EC176D63A100BA5D17 /* MobileCoreServices.framework */,
				373126E2176D62B100BA5D17 /* JSONKit */,
				373126E6176D62B100BA5D17 /* Reachability */,
				373126C5176D5FB200BA5D17 /* ASIHTTP */,
				37716F62176CBE55001DC686 /* images */,
				37716F39176C428A001DC686 /* FlickrApp */,
				37716F32176C428A001DC686 /* Frameworks */,
				37716F31176C428A001DC686 /* Products */,
			);
			sourceTree = "<group>";
		};
		37716F31176C428A001DC686 /* Products */ = {
			isa = PBXGroup;
			children = (
				37716F30176C428A001DC686 /* FlickrApp.app */,
			);
			name = Products;
			sourceTree = "<group>";
		};
		37716F32176C428A001DC686 /* Frameworks */ = {
			isa = PBXGroup;
			children = (
				37716F33176C428A001DC686 /* UIKit.framework */,
				37716F35176C428A001DC686 /* Foundation.framework */,
				37716F37176C428A001DC686 /* CoreGraphics.framework */,
			);
			name = Frameworks;
			sourceTree = "<group>";
		};
		37716F39176C428A001DC686 /* FlickrApp */ = {
			isa = PBXGroup;
			children = (
				37716F42176C428A001DC686 /* FlickrAppDelegate.h */,
				37716F43176C428A001DC686 /* FlickrAppDelegate.m */,
				37716F4B176C428A001DC686 /* MainStoryboard.storyboard */,
				37716F59176C49CC001DC686 /* FlickrHeaderView.h */,
				37716F5A176C49CC001DC686 /* FlickrHeaderView.m */,
				37716F56176C42E4001DC686 /* FlickrImagePageController.h */,
				37716F57176C42E4001DC686 /* FlickrImagePageController.m */,
				37716F5C176CB674001DC686 /* FlickrCollectionViewController.h */,
				37716F5D176CB674001DC686 /* FlickrCollectionViewController.m */,
				37716F5F176CB845001DC686 /* FlickrViewCell.h */,
				37716F60176CB845001DC686 /* FlickrViewCell.m */,
				37310ED0176D0CC900E7E758 /* FlickrImageViewController.h */,
				37310ED1176D0CC900E7E758 /* FlickrImageViewController.m */,
				37310ED2176D0CC900E7E758 /* FlickrImageViewController.xib */,
				373126C2176D5F2500BA5D17 /* FlickrWebRequest.h */,
				373126C3176D5F2500BA5D17 /* FlickrWebRequest.m */,
				37716F3A176C428A001DC686 /* Supporting Files */,
			);
			path = FlickrApp;
			sourceTree = "<group>";
		};
		37716F3A176C428A001DC686 /* Supporting Files */ = {
			isa = PBXGroup;
			children = (
				37716F3B176C428A001DC686 /* FlickrApp-Info.plist */,
				37716F3C176C428A001DC686 /* InfoPlist.strings */,
				37716F3F176C428A001DC686 /* main.m */,
				37716F41176C428A001DC686 /* FlickrApp-Prefix.pch */,
				37716F45176C428A001DC686 /* Default.png */,
				37716F47176C428A001DC686 /* Default@2x.png */,
				37716F49176C428A001DC686 /* Default-568h@2x.png */,
			);
			name = "Supporting Files";
			sourceTree = "<group>";
		};
		37716F62176CBE55001DC686 /* images */ = {
			isa = PBXGroup;
			children = (
				37716F63176CBE55001DC686 /* angry_birds_cake.jpg */,
				37716F64176CBE55001DC686 /* creme_brelee.jpg */,
				37716F65176CBE55001DC686 /* egg_benedict.jpg */,
				37716F66176CBE55001DC686 /* footer_banner.png */,
				37716F67176CBE55001DC686 /* full_breakfast.jpg */,
				37716F68176CBE55001DC686 /* green_tea.jpg */,
				37716F69176CBE55001DC686 /* ham_and_cheese_panini.jpg */,
				37716F6A176CBE55001DC686 /* ham_and_egg_sandwich.jpg */,
				37716F6B176CBE55001DC686 /* hamburger.jpg */,
				37716F6C176CBE55001DC686 /* header_banner.png */,
				37716F6D176CBE55001DC686 /* instant_noodle_with_egg.jpg */,
				37716F6E176CBE55001DC686 /* japanese_noodle_with_pork.jpg */,
				37716F6F176CBE55001DC686 /* mushroom_risotto.jpg */,
				37716F70176CBE55001DC686 /* noodle_with_bbq_pork.jpg */,
				37716F71176CBE55001DC686 /* photo-frame-2.png */,
				37716F72176CBE55001DC686 /* photo-frame.png */,
				37716F73176CBE55001DC686 /* pic_frame.png */,
				37716F74176CBE55001DC686 /* starbucks_coffee.jpg */,
				37716F75176CBE55001DC686 /* thai_shrimp_cake.jpg */,
				37716F76176CBE55001DC686 /* vegetable_curry.jpg */,
				37716F77176CBE55001DC686 /* white_chocolate_donut.jpg */,
			);
			name = images;
			path = FlickrApp/images;
			sourceTree = "<group>";
		};
/* End PBXGroup section */

/* Begin PBXNativeTarget section */
		37716F2F176C428A001DC686 /* FlickrApp */ = {
			isa = PBXNativeTarget;
			buildConfigurationList = 37716F53176C428A001DC686 /* Build configuration list for PBXNativeTarget "FlickrApp" */;
			buildPhases = (
				37716F2C176C428A001DC686 /* Sources */,
				37716F2D176C428A001DC686 /* Frameworks */,
				37716F2E176C428A001DC686 /* Resources */,
			);
			buildRules = (
			);
			dependencies = (
			);
			name = FlickrApp;
			productName = FlickrApp;
			productReference = 37716F30176C428A001DC686 /* FlickrApp.app */;
			productType = "com.apple.product-type.application";
		};
/* End PBXNativeTarget section */

/* Begin PBXProject section */
		37716F28176C428A001DC686 /* Project object */ = {
			isa = PBXProject;
			attributes = {
				CLASSPREFIX = Flickr;
				LastUpgradeCheck = 0460;
				ORGANIZATIONNAME = "Mohit Jain";
			};
			buildConfigurationList = 37716F2B176C428A001DC686 /* Build configuration list for PBXProject "FlickrApp" */;
			compatibilityVersion = "Xcode 3.2";
			developmentRegion = English;
			hasScannedForEncodings = 0;
			knownRegions = (
				en,
			);
			mainGroup = 37716F27176C428A001DC686;
			productRefGroup = 37716F31176C428A001DC686 /* Products */;
			projectDirPath = "";
			projectRoot = "";
			targets = (
				37716F2F176C428A001DC686 /* FlickrApp */,
			);
		};
/* End PBXProject section */

/* Begin PBXResourcesBuildPhase section */
		37716F2E176C428A001DC686 /* Resources */ = {
			isa = PBXResourcesBuildPhase;
			buildActionMask = 2147483647;
			files = (
				37716F3E176C428A001DC686 /* InfoPlist.strings in Resources */,
				37716F46176C428A001DC686 /* Default.png in Resources */,
				37716F48176C428A001DC686 /* Default@2x.png in Resources */,
				37716F4A176C428A001DC686 /* Default-568h@2x.png in Resources */,
				37716F4D176C428A001DC686 /* MainStoryboard.storyboard in Resources */,
				37716F78176CBE55001DC686 /* angry_birds_cake.jpg in Resources */,
				37716F79176CBE55001DC686 /* creme_brelee.jpg in Resources */,
				37716F7A176CBE55001DC686 /* egg_benedict.jpg in Resources */,
				37716F7B176CBE55001DC686 /* footer_banner.png in Resources */,
				37716F7C176CBE55001DC686 /* full_breakfast.jpg in Resources */,
				37716F7D176CBE55001DC686 /* green_tea.jpg in Resources */,
				37716F7E176CBE55001DC686 /* ham_and_cheese_panini.jpg in Resources */,
				37716F7F176CBE55001DC686 /* ham_and_egg_sandwich.jpg in Resources */,
				37716F80176CBE55001DC686 /* hamburger.jpg in Resources */,
				37716F81176CBE55001DC686 /* header_banner.png in Resources */,
				37716F82176CBE55001DC686 /* instant_noodle_with_egg.jpg in Resources */,
				37716F83176CBE55001DC686 /* japanese_noodle_with_pork.jpg in Resources */,
				37716F84176CBE55001DC686 /* mushroom_risotto.jpg in Resources */,
				37716F85176CBE55001DC686 /* noodle_with_bbq_pork.jpg in Resources */,
				37716F86176CBE55001DC686 /* photo-frame-2.png in Resources */,
				37716F87176CBE55001DC686 /* photo-frame.png in Resources */,
				37716F88176CBE55001DC686 /* pic_frame.png in Resources */,
				37716F89176CBE55001DC686 /* starbucks_coffee.jpg in Resources */,
				37716F8A176CBE55001DC686 /* thai_shrimp_cake.jpg in Resources */,
				37716F8B176CBE55001DC686 /* vegetable_curry.jpg in Resources */,
				37716F8C176CBE55001DC686 /* white_chocolate_donut.jpg in Resources */,
				37310ED4176D0CC900E7E758 /* FlickrImageViewController.xib in Resources */,
				373126EA176D62B100BA5D17 /* README.md in Resources */,
			);
			runOnlyForDeploymentPostprocessing = 0;
		};
/* End PBXResourcesBuildPhase section */

/* Begin PBXSourcesBuildPhase section */
		37716F2C176C428A001DC686 /* Sources */ = {
			isa = PBXSourcesBuildPhase;
			buildActionMask = 2147483647;
			files = (
				37716F40176C428A001DC686 /* main.m in Sources */,
				37716F44176C428A001DC686 /* FlickrAppDelegate.m in Sources */,
				37716F58176C42E4001DC686 /* FlickrImagePageController.m in Sources */,
				37716F5B176C49CC001DC686 /* FlickrHeaderView.m in Sources */,
				37716F5E176CB674001DC686 /* FlickrCollectionViewController.m in Sources */,
				37716F61176CB845001DC686 /* FlickrViewCell.m in Sources */,
				37310ED3176D0CC900E7E758 /* FlickrImageViewController.m in Sources */,
				373126C4176D5F2500BA5D17 /* FlickrWebRequest.m in Sources */,
				373126DA176D5FB200BA5D17 /* ASIAuthenticationDialog.m in Sources */,
				373126DB176D5FB200BA5D17 /* ASIDataCompressor.m in Sources */,
				373126DC176D5FB200BA5D17 /* ASIDataDecompressor.m in Sources */,
				373126DD176D5FB200BA5D17 /* ASIDownloadCache.m in Sources */,
				373126DE176D5FB200BA5D17 /* ASIFormDataRequest.m in Sources */,
				373126DF176D5FB200BA5D17 /* ASIHTTPRequest.m in Sources */,
				373126E0176D5FB200BA5D17 /* ASIInputStream.m in Sources */,
				373126E1176D5FB200BA5D17 /* ASINetworkQueue.m in Sources */,
				373126E9176D62B100BA5D17 /* JSONKit.m in Sources */,
				373126EB176D62B100BA5D17 /* Reachability.m in Sources */,
				373126FB176D65B800BA5D17 /* NSObject+JSON.m in Sources */,
			);
			runOnlyForDeploymentPostprocessing = 0;
		};
/* End PBXSourcesBuildPhase section */

/* Begin PBXVariantGroup section */
		37716F3C176C428A001DC686 /* InfoPlist.strings */ = {
			isa = PBXVariantGroup;
			children = (
				37716F3D176C428A001DC686 /* en */,
			);
			name = InfoPlist.strings;
			sourceTree = "<group>";
		};
		37716F4B176C428A001DC686 /* MainStoryboard.storyboard */ = {
			isa = PBXVariantGroup;
			children = (
				37716F4C176C428A001DC686 /* en */,
			);
			name = MainStoryboard.storyboard;
			sourceTree = "<group>";
		};
/* End PBXVariantGroup section */

/* Begin XCBuildConfiguration section */
		37716F51176C428A001DC686 /* Debug */ = {
			isa = XCBuildConfiguration;
			buildSettings = {
				ALWAYS_SEARCH_USER_PATHS = NO;
				CLANG_CXX_LANGUAGE_STANDARD = "gnu++0x";
				CLANG_CXX_LIBRARY = "libc++";
				CLANG_ENABLE_OBJC_ARC = YES;
				CLANG_WARN_CONSTANT_CONVERSION = YES;
				CLANG_WARN_EMPTY_BODY = YES;
				CLANG_WARN_ENUM_CONVERSION = YES;
				CLANG_WARN_INT_CONVERSION = YES;
				CLANG_WARN__DUPLICATE_METHOD_MATCH = YES;
				"CODE_SIGN_IDENTITY[sdk=iphoneos*]" = "iPhone Developer";
				COPY_PHASE_STRIP = NO;
				GCC_C_LANGUAGE_STANDARD = gnu99;
				GCC_DYNAMIC_NO_PIC = NO;
				GCC_OPTIMIZATION_LEVEL = 0;
				GCC_PREPROCESSOR_DEFINITIONS = (
					"DEBUG=1",
					"$(inherited)",
				);
				GCC_SYMBOLS_PRIVATE_EXTERN = NO;
				GCC_WARN_ABOUT_RETURN_TYPE = YES;
				GCC_WARN_UNINITIALIZED_AUTOS = YES;
				GCC_WARN_UNUSED_VARIABLE = YES;
				IPHONEOS_DEPLOYMENT_TARGET = 6.1;
				ONLY_ACTIVE_ARCH = YES;
				SDKROOT = iphoneos;
			};
			name = Debug;
		};
		37716F52176C428A001DC686 /* Release */ = {
			isa = XCBuildConfiguration;
			buildSettings = {
				ALWAYS_SEARCH_USER_PATHS = NO;
				CLANG_CXX_LANGUAGE_STANDARD = "gnu++0x";
				CLANG_CXX_LIBRARY = "libc++";
				CLANG_ENABLE_OBJC_ARC = YES;
				CLANG_WARN_CONSTANT_CONVERSION = YES;
				CLANG_WARN_EMPTY_BODY = YES;
				CLANG_WARN_ENUM_CONVERSION = YES;
				CLANG_WARN_INT_CONVERSION = YES;
				CLANG_WARN__DUPLICATE_METHOD_MATCH = YES;
				"CODE_SIGN_IDENTITY[sdk=iphoneos*]" = "iPhone Developer";
				COPY_PHASE_STRIP = YES;
				GCC_C_LANGUAGE_STANDARD = gnu99;
				GCC_WARN_ABOUT_RETURN_TYPE = YES;
				GCC_WARN_UNINITIALIZED_AUTOS = YES;
				GCC_WARN_UNUSED_VARIABLE = YES;
				IPHONEOS_DEPLOYMENT_TARGET = 6.1;
				OTHER_CFLAGS = "-DNS_BLOCK_ASSERTIONS=1";
				SDKROOT = iphoneos;
				VALIDATE_PRODUCT = YES;
			};
			name = Release;
		};
		37716F54176C428A001DC686 /* Debug */ = {
			isa = XCBuildConfiguration;
			buildSettings = {
				GCC_PRECOMPILE_PREFIX_HEADER = YES;
				GCC_PREFIX_HEADER = "FlickrApp/FlickrApp-Prefix.pch";
				INFOPLIST_FILE = "FlickrApp/FlickrApp-Info.plist";
				PRODUCT_NAME = "$(TARGET_NAME)";
				WRAPPER_EXTENSION = app;
			};
			name = Debug;
		};
		37716F55176C428A001DC686 /* Release */ = {
			isa = XCBuildConfiguration;
			buildSettings = {
				GCC_PRECOMPILE_PREFIX_HEADER = YES;
				GCC_PREFIX_HEADER = "FlickrApp/FlickrApp-Prefix.pch";
				INFOPLIST_FILE = "FlickrApp/FlickrApp-Info.plist";
				PRODUCT_NAME = "$(TARGET_NAME)";
				WRAPPER_EXTENSION = app;
			};
			name = Release;
		};
/* End XCBuildConfiguration section */

/* Begin XCConfigurationList section */
		37716F2B176C428A001DC686 /* Build configuration list for PBXProject "FlickrApp" */ = {
			isa = XCConfigurationList;
			buildConfigurations = (
				37716F51176C428A001DC686 /* Debug */,
				37716F52176C428A001DC686 /* Release */,
			);
			defaultConfigurationIsVisible = 0;
			defaultConfigurationName = Release;
		};
		37716F53176C428A001DC686 /* Build configuration list for PBXNativeTarget "FlickrApp" */ = {
			isa = XCConfigurationList;
			buildConfigurations = (
				37716F54176C428A001DC686 /* Debug */,
				37716F55176C428A001DC686 /* Release */,
			);
			defaultConfigurationIsVisible = 0;
			defaultConfigurationName = Release;
		};
/* End XCConfigurationList section */
	};
	rootObject = 37716F28176C428A001DC686 /* Project object */;
}
